
Microsoft Visual Studio Solution File, Format Version 12.00
# Visual Studio 15
VisualStudioVersion = 15.0.26730.16
MinimumVisualStudioVersion = 10.0.40219.1
Project("{FAE04EC0-301F-11D3-BF4B-00C04F79EFBC}") = "HandwritingRecognization", "HandwritingRecognization.csproj", "{395796B4-ECD9-4F88-B4B6-E39012EDAE8D}"
EndProject
Global
	GlobalSection(SolutionConfigurationPlatforms) = preSolution
		Debug|Any CPU = Debug|Any CPU
		Release|Any CPU = Release|Any CPU
	EndGlobalSection
	GlobalSection(ProjectConfigurationPlatforms) = postSolution
		{395796B4-ECD9-4F88-B4B6-E39012EDAE8D}.Debug|Any CPU.ActiveCfg = Debug|Any CPU
		{395796B4-ECD9-4F88-B4B6-E39012EDAE8D}.Debug|Any CPU.Build.0 = Debug|Any CPU
		{395796B4-ECD9-4F88-B4B6-E39012EDAE8D}.Release|Any CPU.ActiveCfg = Release|Any CPU
		{395796B4-ECD9-4F88-B4B6-E39012EDAE8D}.Release|Any CPU.Build.0 = Release|Any CPU
	EndGlobalSection
	GlobalSection(SolutionProperties) = preSolution
		HideSolutionNode = FALSE
	EndGlobalSection
	GlobalSection(ExtensibilityGlobals) = postSolution
		SolutionGuid = {01DBDA47-9FF4-40B4-94C4-76B76E821B24}
	EndGlobalSection
EndGlobal
